
Microsoft Visual Studio Solution File, Format Version 12.00
# Visual Studio Version 16
VisualStudioVersion = 16.0.32510.428
MinimumVisualStudioVersion = 10.0.40219.1
Project("{FAE04EC0-301F-11D3-BF4B-00C04F79EFBC}") = "WindowsFormsApp4", "WindowsFormsApp4.csproj", "{3152C03C-9EAF-4931-BEAC-A9DFA0D45FCD}"
EndProject
Global
	GlobalSection(SolutionConfigurationPlatforms) = preSolution
		Debug|Any CPU = Debug|Any CPU
		Release|Any CPU = Release|Any CPU
	EndGlobalSection
	GlobalSection(ProjectConfigurationPlatforms) = postSolution
		{3152C03C-9EAF-4931-BEAC-A9DFA0D45FCD}.Debug|Any CPU.ActiveCfg = Debug|Any CPU
		{3152C03C-9EAF-4931-BEAC-A9DFA0D45FCD}.Debug|Any CPU.Build.0 = Debug|Any CPU
		{3152C03C-9EAF-4931-BEAC-A9DFA0D45FCD}.Release|Any CPU.ActiveCfg = Release|Any CPU
		{3152C03C-9EAF-4931-BEAC-A9DFA0D45FCD}.Release|Any CPU.Build.0 = Release|Any CPU
	EndGlobalSection
	GlobalSection(SolutionProperties) = preSolution
		HideSolutionNode = FALSE
	EndGlobalSection
	GlobalSection(ExtensibilityGlobals) = postSolution
		SolutionGuid = {10B12E7E-0040-4DA2-B1F8-F68E2D0F3800}
	EndGlobalSection
EndGlobal
